
Microsoft Visual Studio Solution File, Format Version 12.00
# Visual Studio Version 17
VisualStudioVersion = 17.3.32929.385
MinimumVisualStudioVersion = 10.0.40219.1
Project("{FAE04EC0-301F-11D3-BF4B-00C04F79EFBC}") = "Pagination", "Pagination\Pagination.csproj", "{020CF90A-DD35-4357-A850-9333E70270AD}"
EndProject
Project("{FAE04EC0-301F-11D3-BF4B-00C04F79EFBC}") = "Pagination.Web", "Pagination.Web\Pagination.Web.csproj", "{66EDA9EB-459E-4D46-B98F-D5F6D234AE56}"
EndProject
Global
	GlobalSection(SolutionConfigurationPlatforms) = preSolution
		Debug|Any CPU = Debug|Any CPU
		Release|Any CPU = Release|Any CPU
	EndGlobalSection
	GlobalSection(ProjectConfigurationPlatforms) = postSolution
		{020CF90A-DD35-4357-A850-9333E70270AD}.Debug|Any CPU.ActiveCfg = Debug|Any CPU
		{020CF90A-DD35-4357-A850-9333E70270AD}.Debug|Any CPU.Build.0 = Debug|Any CPU
		{020CF90A-DD35-4357-A850-9333E70270AD}.Release|Any CPU.ActiveCfg = Release|Any CPU
		{020CF90A-DD35-4357-A850-9333E70270AD}.Release|Any CPU.Build.0 = Release|Any CPU
		{66EDA9EB-459E-4D46-B98F-D5F6D234AE56}.Debug|Any CPU.ActiveCfg = Debug|Any CPU
		{66EDA9EB-459E-4D46-B98F-D5F6D234AE56}.Debug|Any CPU.Build.0 = Debug|Any CPU
		{66EDA9EB-459E-4D46-B98F-D5F6D234AE56}.Release|Any CPU.ActiveCfg = Release|Any CPU
		{66EDA9EB-459E-4D46-B98F-D5F6D234AE56}.Release|Any CPU.Build.0 = Release|Any CPU
	EndGlobalSection
	GlobalSection(SolutionProperties) = preSolution
		HideSolutionNode = FALSE
	EndGlobalSection
	GlobalSection(ExtensibilityGlobals) = postSolution
		SolutionGuid = {B835866E-4D63-46E8-8FE1-99B1C1C3F3D7}
	EndGlobalSection
EndGlobal
